
Microsoft Visual Studio Solution File, Format Version 12.00
# Visual Studio Version 16
VisualStudioVersion = 16.0.30523.141
MinimumVisualStudioVersion = 10.0.40219.1
Project("{FAE04EC0-301F-11D3-BF4B-00C04F79EFBC}") = "IndianStateSensusAnalyser", "IndianStateSensusAnalyser\IndianStateSensusAnalyser.csproj", "{811F748D-1F11-4577-8AAE-36F498AC3777}"
EndProject
Project("{FAE04EC0-301F-11D3-BF4B-00C04F79EFBC}") = "CensualAnalyserTest", "CensualAnalyserTest\CensualAnalyserTest.csproj", "{F13C30FB-5D48-4396-B471-4047F6A4F096}"
EndProject
Project("{FAE04EC0-301F-11D3-BF4B-00C04F79EFBC}") = "NUnitTestProject1", "NUnitTestProject1\NUnitTestProject1.csproj", "{7F836F3F-30A1-4751-971D-9B55314CED2D}"
EndProject
Global
	GlobalSection(SolutionConfigurationPlatforms) = preSolution
		Debug|Any CPU = Debug|Any CPU
		Release|Any CPU = Release|Any CPU
	EndGlobalSection
	GlobalSection(ProjectConfigurationPlatforms) = postSolution
		{811F748D-1F11-4577-8AAE-36F498AC3777}.Debug|Any CPU.ActiveCfg = Debug|Any CPU
		{811F748D-1F11-4577-8AAE-36F498AC3777}.Debug|Any CPU.Build.0 = Debug|Any CPU
		{811F748D-1F11-4577-8AAE-36F498AC3777}.Release|Any CPU.ActiveCfg = Release|Any CPU
		{811F748D-1F11-4577-8AAE-36F498AC3777}.Release|Any CPU.Build.0 = Release|Any CPU
		{F13C30FB-5D48-4396-B471-4047F6A4F096}.Debug|Any CPU.ActiveCfg = Debug|Any CPU
		{F13C30FB-5D48-4396-B471-4047F6A4F096}.Debug|Any CPU.Build.0 = Debug|Any CPU
		{F13C30FB-5D48-4396-B471-4047F6A4F096}.Release|Any CPU.ActiveCfg = Release|Any CPU
		{F13C30FB-5D48-4396-B471-4047F6A4F096}.Release|Any CPU.Build.0 = Release|Any CPU
		{7F836F3F-30A1-4751-971D-9B55314CED2D}.Debug|Any CPU.ActiveCfg = Debug|Any CPU
		{7F836F3F-30A1-4751-971D-9B55314CED2D}.Debug|Any CPU.Build.0 = Debug|Any CPU
		{7F836F3F-30A1-4751-971D-9B55314CED2D}.Release|Any CPU.ActiveCfg = Release|Any CPU
		{7F836F3F-30A1-4751-971D-9B55314CED2D}.Release|Any CPU.Build.0 = Release|Any CPU
	EndGlobalSection
	GlobalSection(SolutionProperties) = preSolution
		HideSolutionNode = FALSE
	EndGlobalSection
	GlobalSection(ExtensibilityGlobals) = postSolution
		SolutionGuid = {3ABC4B84-A423-48A6-A752-E2E07F9CD294}
	EndGlobalSection
EndGlobal
